// !$*UTF8*$!
{
	archiveVersion = 1;
	classes = {
	};
	objectVersion = 46;
	objects = {

/* Begin PBXBuildFile section */
		01AAF3761B857BD600A23E2E /* AppDelegate.swift in Sources */ = {isa = PBXBuildFile; fileRef = 01AAF3751B857BD600A23E2E /* AppDelegate.swift */; };
		01AAF3781B857BD600A23E2E /* RockPaperScissorViewController.swift in Sources */ = {isa = PBXBuildFile; fileRef = 01AAF3771B857BD600A23E2E /* RockPaperScissorViewController.swift */; };
		01AAF37B1B857BD600A23E2E /* Main.storyboard in Resources */ = {isa = PBXBuildFile; fileRef = 01AAF3791B857BD600A23E2E /* Main.storyboard */; };
		01AAF37D1B857BD600A23E2E /* Images.xcassets in Resources */ = {isa = PBXBuildFile; fileRef = 01AAF37C1B857BD600A23E2E /* Images.xcassets */; };
		01AAF3801B857BD600A23E2E /* LaunchScreen.xib in Resources */ = {isa = PBXBuildFile; fileRef = 01AAF37E1B857BD600A23E2E /* LaunchScreen.xib */; };
		01AAF38C1B857BD600A23E2E /* RockPaperScissorTests.swift in Sources */ = {isa = PBXBuildFile; fileRef = 01AAF38B1B857BD600A23E2E /* RockPaperScissorTests.swift */; };
		01AAF39A1B857DA500A23E2E /* ResultsViewController.swift in Sources */ = {isa = PBXBuildFile; fileRef = 01AAF3991B857DA500A23E2E /* ResultsViewController.swift */; };
/* End PBXBuildFile section */

/* Begin PBXContainerItemProxy section */
		01AAF3861B857BD600A23E2E /* PBXContainerItemProxy */ = {
			isa = PBXContainerItemProxy;
			containerPortal = 01AAF3681B857BD600A23E2E /* Project object */;
			proxyType = 1;
			remoteGlobalIDString = 01AAF36F1B857BD600A23E2E;
			remoteInfo = RockPaperScissor;
		};
/* End PBXContainerItemProxy section */

/* Begin PBXFileReference section */
		01AAF3701B857BD600A23E2E /* RockPaperScissor.app */ = {isa = PBXFileReference; explicitFileType = wrapper.application; includeInIndex = 0; path = RockPaperScissor.app; sourceTree = BUILT_PRODUCTS_DIR; };
		01AAF3741B857BD600A23E2E /* Info.plist */ = {isa = PBXFileReference; lastKnownFileType = text.plist.xml; path = Info.plist; sourceTree = "<group>"; };
		01AAF3751B857BD600A23E2E /* AppDelegate.swift */ = {isa = PBXFileReference; lastKnownFileType = sourcecode.swift; path = AppDelegate.swift; sourceTree = "<group>"; };
		01AAF3771B857BD600A23E2E /* RockPaperScissorViewController.swift */ = {isa = PBXFileReference; lastKnownFileType = sourcecode.swift; path = RockPaperScissorViewController.swift; sourceTree = "<group>"; };
		01AAF37A1B857BD600A23E2E /* Base */ = {isa = PBXFileReference; lastKnownFileType = file.storyboard; name = Base; path = Base.lproj/Main.storyboard; sourceTree = "<group>"; };
		01AAF37C1B857BD600A23E2E /* Images.xcassets */ = {isa = PBXFileReference; lastKnownFileType = folder.assetcatalog; path = Images.xcassets; sourceTree = "<group>"; };
		01AAF37F1B857BD600A23E2E /* Base */ = {isa = PBXFileReference; lastKnownFileType = file.xib; name = Base; path = Base.lproj/LaunchScreen.xib; sourceTree = "<group>"; };
		01AAF3851B857BD600A23E2E /* RockPaperScissorTests.xctest */ = {isa = PBXFileReference; explicitFileType = wrapper.cfbundle; includeInIndex = 0; path = RockPaperScissorTests.xctest; sourceTree = BUILT_PRODUCTS_DIR; };
		01AAF38A1B857BD600A23E2E /* Info.plist */ = {isa = PBXFileReference; lastKnownFileType = text.plist.xml; path = Info.plist; sourceTree = "<group>"; };
		01AAF38B1B857BD600A23E2E /* RockPaperScissorTests.swift */ = {isa = PBXFileReference; lastKnownFileType = sourcecode.swift; path = RockPaperScissorTests.swift; sourceTree = "<group>"; };
		01AAF3991B857DA500A23E2E /* ResultsViewController.swift */ = {isa = PBXFileReference; fileEncoding = 4; lastKnownFileType = sourcecode.swift; path = ResultsViewController.swift; sourceTree = "<group>"; };
/* End PBXFileReference section */

/* Begin PBXFrameworksBuildPhase section */
		01AAF36D1B857BD600A23E2E /* Frameworks */ = {
			isa = PBXFrameworksBuildPhase;
			buildActionMask = 2147483647;
			files = (
			);
			runOnlyForDeploymentPostprocessing = 0;
		};
		01AAF3821B857BD600A23E2E /* Frameworks */ = {
			isa = PBXFrameworksBuildPhase;
			buildActionMask = 2147483647;
			files = (
			);
			runOnlyForDeploymentPostprocessing = 0;
		};
/* End PBXFrameworksBuildPhase section */

/* Begin PBXGroup section */
		01AAF3671B857BD500A23E2E = {
			isa = PBXGroup;
			children = (
				01AAF3721B857BD600A23E2E /* RockPaperScissor */,
				01AAF3881B857BD600A23E2E /* RockPaperScissorTests */,
				01AAF3711B857BD600A23E2E /* Products */,
			);
			sourceTree = "<group>";
		};
		01AAF3711B857BD600A23E2E /* Products */ = {
			isa = PBXGroup;
			children = (
				01AAF3701B857BD600A23E2E /* RockPaperScissor.app */,
				01AAF3851B857BD600A23E2E /* RockPaperScissorTests.xctest */,
			);
			name = Products;
			sourceTree = "<group>";
		};
		01AAF3721B857BD600A23E2E /* RockPaperScissor */ = {
			isa = PBXGroup;
			children = (
				01AAF3751B857BD600A23E2E /* AppDelegate.swift */,
				01AAF3771B857BD600A23E2E /* RockPaperScissorViewController.swift */,
				01AAF3991B857DA500A23E2E /* ResultsViewController.swift */,
				01AAF3791B857BD600A23E2E /* Main.storyboard */,
				01AAF37C1B857BD600A23E2E /* Images.xcassets */,
				01AAF37E1B857BD600A23E2E /* LaunchScreen.xib */,
				01AAF3731B857BD600A23E2E /* Supporting Files */,
			);
			path = RockPaperScissor;
			sourceTree = "<group>";
		};
		01AAF3731B857BD600A23E2E /* Supporting Files */ = {
			isa = PBXGroup;
			children = (
				01AAF3741B857BD600A23E2E /* Info.plist */,
			);
			name = "Supporting Files";
			sourceTree = "<group>";
		};
		01AAF3881B857BD600A23E2E /* RockPaperScissorTests */ = {
			isa = PBXGroup;
			children = (
				01AAF38B1B857BD600A23E2E /* RockPaperScissorTests.swift */,
				01AAF3891B857BD600A23E2E /* Supporting Files */,
			);
			path = RockPaperScissorTests;
			sourceTree = "<group>";
		};
		01AAF3891B857BD600A23E2E /* Supporting Files */ = {
			isa = PBXGroup;
			children = (
				01AAF38A1B857BD600A23E2E /* Info.plist */,
			);
			name = "Supporting Files";
			sourceTree = "<group>";
		};
/* End PBXGroup section */

/* Begin PBXNativeTarget section */
		01AAF36F1B857BD600A23E2E /* RockPaperScissor */ = {
			isa = PBXNativeTarget;
			buildConfigurationList = 01AAF38F1B857BD600A23E2E /* Build configuration list for PBXNativeTarget "RockPaperScissor" */;
			buildPhases = (
				01AAF36C1B857BD600A23E2E /* Sources */,
				01AAF36D1B857BD600A23E2E /* Frameworks */,
				01AAF36E1B857BD600A23E2E /* Resources */,
			);
			buildRules = (
			);
			dependencies = (
			);
			name = RockPaperScissor;
			productName = RockPaperScissor;
			productReference = 01AAF3701B857BD600A23E2E /* RockPaperScissor.app */;
			productType = "com.apple.product-type.application";
		};
		01AAF3841B857BD600A23E2E /* RockPaperScissorTests */ = {
			isa = PBXNativeTarget;
			buildConfigurationList = 01AAF3921B857BD600A23E2E /* Build configuration list for PBXNativeTarget "RockPaperScissorTests" */;
			buildPhases = (
				01AAF3811B857BD600A23E2E /* Sources */,
				01AAF3821B857BD600A23E2E /* Frameworks */,
				01AAF3831B857BD600A23E2E /* Resources */,
			);
			buildRules = (
			);
			dependencies = (
				01AAF3871B857BD600A23E2E /* PBXTargetDependency */,
			);
			name = RockPaperScissorTests;
			productName = RockPaperScissorTests;
			productReference = 01AAF3851B857BD600A23E2E /* RockPaperScissorTests.xctest */;
			productType = "com.apple.product-type.bundle.unit-test";
		};
/* End PBXNativeTarget section */

/* Begin PBXProject section */
		01AAF3681B857BD600A23E2E /* Project object */ = {
			isa = PBXProject;
			attributes = {
				LastUpgradeCheck = 0640;
				ORGANIZATIONNAME = "Kent Huang";
				TargetAttributes = {
					01AAF36F1B857BD600A23E2E = {
						CreatedOnToolsVersion = 6.4;
					};
					01AAF3841B857BD600A23E2E = {
						CreatedOnToolsVersion = 6.4;
						TestTargetID = 01AAF36F1B857BD600A23E2E;
					};
				};
			};
			buildConfigurationList = 01AAF36B1B857BD600A23E2E /* Build configuration list for PBXProject "RockPaperScissor" */;
			compatibilityVersion = "Xcode 3.2";
			developmentRegion = English;
			hasScannedForEncodings = 0;
			knownRegions = (
				en,
				Base,
			);
			mainGroup = 01AAF3671B857BD500A23E2E;
			productRefGroup = 01AAF3711B857BD600A23E2E /* Products */;
			projectDirPath = "";
			projectRoot = "";
			targets = (
				01AAF36F1B857BD600A23E2E /* RockPaperScissor */,
				01AAF3841B857BD600A23E2E /* RockPaperScissorTests */,
			);
		};
/* End PBXProject section */

/* Begin PBXResourcesBuildPhase section */
		01AAF36E1B857BD600A23E2E /* Resources */ = {
			isa = PBXResourcesBuildPhase;
			buildActionMask = 2147483647;
			files = (
				01AAF37B1B857BD600A23E2E /* Main.storyboard in Resources */,
				01AAF3801B857BD600A23E2E /* LaunchScreen.xib in Resources */,
				01AAF37D1B857BD600A23E2E /* Images.xcassets in Resources */,
			);
			runOnlyForDeploymentPostprocessing = 0;
		};
		01AAF3831B857BD600A23E2E /* Resources */ = {
			isa = PBXResourcesBuildPhase;
			buildActionMask = 2147483647;
			files = (
			);
			runOnlyForDeploymentPostprocessing = 0;
		};
/* End PBXResourcesBuildPhase section */

/* Begin PBXSourcesBuildPhase section */
		01AAF36C1B857BD600A23E2E /* Sources */ = {
			isa = PBXSourcesBuildPhase;
			buildActionMask = 2147483647;
			files = (
				01AAF3781B857BD600A23E2E /* RockPaperScissorViewController.swift in Sources */,
				01AAF3761B857BD600A23E2E /* AppDelegate.swift in Sources */,
				01AAF39A1B857DA500A23E2E /* ResultsViewController.swift in Sources */,
			);
			runOnlyForDeploymentPostprocessing = 0;
		};
		01AAF3811B857BD600A23E2E /* Sources */ = {
			isa = PBXSourcesBuildPhase;
			buildActionMask = 2147483647;
			files = (
				01AAF38C1B857BD600A23E2E /* RockPaperScissorTests.swift in Sources */,
			);
			runOnlyForDeploymentPostprocessing = 0;
		};
/* End PBXSourcesBuildPhase section */

/* Begin PBXTargetDependency section */
		01AAF3871B857BD600A23E2E /* PBXTargetDependency */ = {
			isa = PBXTargetDependency;
			target = 01AAF36F1B857BD600A23E2E /* RockPaperScissor */;
			targetProxy = 01AAF3861B857BD600A23E2E /* PBXContainerItemProxy */;
		};
/* End PBXTargetDependency section */

/* Begin PBXVariantGroup section */
		01AAF3791B857BD600A23E2E /* Main.storyboard */ = {
			isa = PBXVariantGroup;
			children = (
				01AAF37A1B857BD600A23E2E /* Base */,
			);
			name = Main.storyboard;
			sourceTree = "<group>";
		};
		01AAF37E1B857BD600A23E2E /* LaunchScreen.xib */ = {
			isa = PBXVariantGroup;
			children = (
				01AAF37F1B857BD600A23E2E /* Base */,
			);
			name = LaunchScreen.xib;
			sourceTree = "<group>";
		};
/* End PBXVariantGroup section */

/* Begin XCBuildConfiguration section */
		01AAF38D1B857BD600A23E2E /* Debug */ = {
			isa = XCBuildConfiguration;
			buildSettings = {
				ALWAYS_SEARCH_USER_PATHS = NO;
				CLANG_CXX_LANGUAGE_STANDARD = "gnu++0x";
				CLANG_CXX_LIBRARY = "libc++";
				CLANG_ENABLE_MODULES = YES;
				CLANG_ENABLE_OBJC_ARC = YES;
				CLANG_WARN_BOOL_CONVERSION = YES;
				CLANG_WARN_CONSTANT_CONVERSION = YES;
				CLANG_WARN_DIRECT_OBJC_ISA_USAGE = YES_ERROR;
				CLANG_WARN_EMPTY_BODY = YES;
				CLANG_WARN_ENUM_CONVERSION = YES;
				CLANG_WARN_INT_CONVERSION = YES;
				CLANG_WARN_OBJC_ROOT_CLASS = YES_ERROR;
				CLANG_WARN_UNREACHABLE_CODE = YES;
				CLANG_WARN__DUPLICATE_METHOD_MATCH = YES;
				"CODE_SIGN_IDENTITY[sdk=iphoneos*]" = "iPhone Developer";
				COPY_PHASE_STRIP = NO;
				DEBUG_INFORMATION_FORMAT = "dwarf-with-dsym";
				ENABLE_STRICT_OBJC_MSGSEND = YES;
				GCC_C_LANGUAGE_STANDARD = gnu99;
				GCC_DYNAMIC_NO_PIC = NO;
				GCC_NO_COMMON_BLOCKS = YES;
				GCC_OPTIMIZATION_LEVEL = 0;
				GCC_PREPROCESSOR_DEFINITIONS = (
					"DEBUG=1",
					"$(inherited)",
				);
				GCC_SYMBOLS_PRIVATE_EXTERN = NO;
				GCC_WARN_64_TO_32_BIT_CONVERSION = YES;
				GCC_WARN_ABOUT_RETURN_TYPE = YES_ERROR;
				GCC_WARN_UNDECLARED_SELECTOR = YES;
				GCC_WARN_UNINITIALIZED_AUTOS = YES_AGGRESSIVE;
				GCC_WARN_UNUSED_FUNCTION = YES;
				GCC_WARN_UNUSED_VARIABLE = YES;
				IPHONEOS_DEPLOYMENT_TARGET = 8.4;
				MTL_ENABLE_DEBUG_INFO = YES;
				ONLY_ACTIVE_ARCH = YES;
				SDKROOT = iphoneos;
				SWIFT_OPTIMIZATION_LEVEL = "-Onone";
				TARGETED_DEVICE_FAMILY = "1,2";
			};
			name = Debug;
		};
		01AAF38E1B857BD600A23E2E /* Release */ = {
			isa = XCBuildConfiguration;
			buildSettings = {
				ALWAYS_SEARCH_USER_PATHS = NO;
				CLANG_CXX_LANGUAGE_STANDARD = "gnu++0x";
				CLANG_CXX_LIBRARY = "libc++";
				CLANG_ENABLE_MODULES = YES;
				CLANG_ENABLE_OBJC_ARC = YES;
				CLANG_WARN_BOOL_CONVERSION = YES;
				CLANG_WARN_CONSTANT_CONVERSION = YES;
				CLANG_WARN_DIRECT_OBJC_ISA_USAGE = YES_ERROR;
				CLANG_WARN_EMPTY_BODY = YES;
				CLANG_WARN_ENUM_CONVERSION = YES;
				CLANG_WARN_INT_CONVERSION = YES;
				CLANG_WARN_OBJC_ROOT_CLASS = YES_ERROR;
				CLANG_WARN_UNREACHABLE_CODE = YES;
				CLANG_WARN__DUPLICATE_METHOD_MATCH = YES;
				"CODE_SIGN_IDENTITY[sdk=iphoneos*]" = "iPhone Developer";
				COPY_PHASE_STRIP = NO;
				DEBUG_INFORMATION_FORMAT = "dwarf-with-dsym";
				ENABLE_NS_ASSERTIONS = NO;
				ENABLE_STRICT_OBJC_MSGSEND = YES;
				GCC_C_LANGUAGE_STANDARD = gnu99;
				GCC_NO_COMMON_BLOCKS = YES;
				GCC_WARN_64_TO_32_BIT_CONVERSION = YES;
				GCC_WARN_ABOUT_RETURN_TYPE = YES_ERROR;
				GCC_WARN_UNDECLARED_SELECTOR = YES;
				GCC_WARN_UNINITIALIZED_AUTOS = YES_AGGRESSIVE;
				GCC_WARN_UNUSED_FUNCTION = YES;
				GCC_WARN_UNUSED_VARIABLE = YES;
				IPHONEOS_DEPLOYMENT_TARGET = 8.4;
				MTL_ENABLE_DEBUG_INFO = NO;
				SDKROOT = iphoneos;
				TARGETED_DEVICE_FAMILY = "1,2";
				VALIDATE_PRODUCT = YES;
			};
			name = Release;
		};
		01AAF3901B857BD600A23E2E /* Debug */ = {
			isa = XCBuildConfiguration;
			buildSettings = {
				ASSETCATALOG_COMPILER_APPICON_NAME = AppIcon;
				INFOPLIST_FILE = RockPaperScissor/Info.plist;
				LD_RUNPATH_SEARCH_PATHS = "$(inherited) @executable_path/Frameworks";
				PRODUCT_NAME = "$(TARGET_NAME)";
			};
			name = Debug;
		};
		01AAF3911B857BD600A23E2E /* Release */ = {
			isa = XCBuildConfiguration;
			buildSettings = {
				ASSETCATALOG_COMPILER_APPICON_NAME = AppIcon;
				INFOPLIST_FILE = RockPaperScissor/Info.plist;
				LD_RUNPATH_SEARCH_PATHS = "$(inherited) @executable_path/Frameworks";
				PRODUCT_NAME = "$(TARGET_NAME)";
			};
			name = Release;
		};
		01AAF3931B857BD600A23E2E /* Debug */ = {
			isa = XCBuildConfiguration;
			buildSettings = {
				BUNDLE_LOADER = "$(TEST_HOST)";
				FRAMEWORK_SEARCH_PATHS = (
					"$(SDKROOT)/Developer/Library/Frameworks",
					"$(inherited)",
				);
				GCC_PREPROCESSOR_DEFINITIONS = (
					"DEBUG=1",
					"$(inherited)",
				);
				INFOPLIST_FILE = RockPaperScissorTests/Info.plist;
				LD_RUNPATH_SEARCH_PATHS = "$(inherited) @executable_path/Frameworks @loader_path/Frameworks";
				PRODUCT_NAME = "$(TARGET_NAME)";
				TEST_HOST = "$(BUILT_PRODUCTS_DIR)/RockPaperScissor.app/RockPaperScissor";
			};
			name = Debug;
		};
		01AAF3941B857BD600A23E2E /* Release */ = {
			isa = XCBuildConfiguration;
			buildSettings = {
				BUNDLE_LOADER = "$(TEST_HOST)";
				FRAMEWORK_SEARCH_PATHS = (
					"$(SDKROOT)/Developer/Library/Frameworks",
					"$(inherited)",
				);
				INFOPLIST_FILE = RockPaperScissorTests/Info.plist;
				LD_RUNPATH_SEARCH_PATHS = "$(inherited) @executable_path/Frameworks @loader_path/Frameworks";
				PRODUCT_NAME = "$(TARGET_NAME)";
				TEST_HOST = "$(BUILT_PRODUCTS_DIR)/RockPaperScissor.app/RockPaperScissor";
			};
			name = Release;
		};
/* End XCBuildConfiguration section */

/* Begin XCConfigurationList section */
		01AAF36B1B857BD600A23E2E /* Build configuration list for PBXProject "RockPaperScissor" */ = {
			isa = XCConfigurationList;
			buildConfigurations = (
				01AAF38D1B857BD600A23E2E /* Debug */,
				01AAF38E1B857BD600A23E2E /* Release */,
			);
			defaultConfigurationIsVisible = 0;
			defaultConfigurationName = Release;
		};
		01AAF38F1B857BD600A23E2E /* Build configuration list for PBXNativeTarget "RockPaperScissor" */ = {
			isa = XCConfigurationList;
			buildConfigurations = (
				01AAF3901B857BD600A23E2E /* Debug */,
				01AAF3911B857BD600A23E2E /* Release */,
			);
			defaultConfigurationIsVisible = 0;
		};
		01AAF3921B857BD600A23E2E /* Build configuration list for PBXNativeTarget "RockPaperScissorTests" */ = {
			isa = XCConfigurationList;
			buildConfigurations = (
				01AAF3931B857BD600A23E2E /* Debug */,
				01AAF3941B857BD600A23E2E /* Release */,
			);
			defaultConfigurationIsVisible = 0;
		};
/* End XCConfigurationList section */
	};
	rootObject = 01AAF3681B857BD600A23E2E /* Project object */;
}
